// !$*UTF8*$!
{
	archiveVersion = 1;
	classes = {
	};
	objectVersion = 46;
	objects = {

/* Begin PBXBuildFile section */
		1CE0610CCE5153FFA7B56A74 /* Pods_SaintsXCTF.framework in Frameworks */ = {isa = PBXBuildFile; fileRef = 5710AA933FBAE02B146B8E7E /* Pods_SaintsXCTF.framework */; };
		A1015A371EEDC0EA00A2358E /* ActivationCode.swift in Sources */ = {isa = PBXBuildFile; fileRef = A1015A361EEDC0EA00A2358E /* ActivationCode.swift */; };
		A1015A391EEDC1CF00A2358E /* Message.swift in Sources */ = {isa = PBXBuildFile; fileRef = A1015A381EEDC1CF00A2358E /* Message.swift */; };
		A1015A3B1EEDC2B800A2358E /* Notification.swift in Sources */ = {isa = PBXBuildFile; fileRef = A1015A3A1EEDC2B800A2358E /* Notification.swift */; };
		A1015A3D1EEDC3F400A2358E /* RangeView.swift in Sources */ = {isa = PBXBuildFile; fileRef = A1015A3C1EEDC3F400A2358E /* RangeView.swift */; };
		A10D61C51F6F45C100A406D9 /* UIToolbarExt.swift in Sources */ = {isa = PBXBuildFile; fileRef = A10D61C41F6F45C100A406D9 /* UIToolbarExt.swift */; };
		A11AB8A31F895CC40098AE8E /* WeeklyViewController.swift in Sources */ = {isa = PBXBuildFile; fileRef = A11AB8A21F895CC40098AE8E /* WeeklyViewController.swift */; };
		A11AB8A51F8997290098AE8E /* BarChartFormatter.swift in Sources */ = {isa = PBXBuildFile; fileRef = A11AB8A41F8997290098AE8E /* BarChartFormatter.swift */; };
		A11AB8A81F89C3760098AE8E /* GroupViewController.swift in Sources */ = {isa = PBXBuildFile; fileRef = A11AB8A71F89C3760098AE8E /* GroupViewController.swift */; };
		A11AB8AA1F8ABB650098AE8E /* LeaderboardViewController.swift in Sources */ = {isa = PBXBuildFile; fileRef = A11AB8A91F8ABB650098AE8E /* LeaderboardViewController.swift */; };
		A11AB8AC1F8AC91F0098AE8E /* LeaderboardTableViewCell.swift in Sources */ = {isa = PBXBuildFile; fileRef = A11AB8AB1F8AC91F0098AE8E /* LeaderboardTableViewCell.swift */; };
		A11AB8AE1F8C56180098AE8E /* SortView.xib in Resources */ = {isa = PBXBuildFile; fileRef = A11AB8AD1F8C56180098AE8E /* SortView.xib */; };
		A11AB8B01F8C57B50098AE8E /* SortView.swift in Sources */ = {isa = PBXBuildFile; fileRef = A11AB8AF1F8C57B50098AE8E /* SortView.swift */; };
		A11AB8B21F8EE9360098AE8E /* MessageViewController.swift in Sources */ = {isa = PBXBuildFile; fileRef = A11AB8B11F8EE9360098AE8E /* MessageViewController.swift */; };
		A11AB8B41F8EF0810098AE8E /* MessageTableViewCell.swift in Sources */ = {isa = PBXBuildFile; fileRef = A11AB8B31F8EF0810098AE8E /* MessageTableViewCell.swift */; };
		A11AB8B61F8EF0A10098AE8E /* NewMessageTableViewCell.swift in Sources */ = {isa = PBXBuildFile; fileRef = A11AB8B51F8EF0A10098AE8E /* NewMessageTableViewCell.swift */; };
		A11AB8B81F9060850098AE8E /* MemberViewController.swift in Sources */ = {isa = PBXBuildFile; fileRef = A11AB8B71F9060850098AE8E /* MemberViewController.swift */; };
		A11AB8BA1F9065390098AE8E /* MemberTableViewCell.swift in Sources */ = {isa = PBXBuildFile; fileRef = A11AB8B91F9065390098AE8E /* MemberTableViewCell.swift */; };
		A11AB8BC1F9189C20098AE8E /* AdminViewController.swift in Sources */ = {isa = PBXBuildFile; fileRef = A11AB8BB1F9189C20098AE8E /* AdminViewController.swift */; };
		A11AB8BE1F92ACE60098AE8E /* Mail.swift in Sources */ = {isa = PBXBuildFile; fileRef = A11AB8BD1F92ACE60098AE8E /* Mail.swift */; };
		A11C2DF41F0B249E00EBDDB5 /* SignUpViewController.swift in Sources */ = {isa = PBXBuildFile; fileRef = A11C2DF31F0B249E00EBDDB5 /* SignUpViewController.swift */; };
		A11C2DF61F0B284F00EBDDB5 /* MainViewController.swift in Sources */ = {isa = PBXBuildFile; fileRef = A11C2DF51F0B284F00EBDDB5 /* MainViewController.swift */; };
		A1505B901E8F105A00F111DB /* Comment.swift in Sources */ = {isa = PBXBuildFile; fileRef = A1505B8F1E8F105A00F111DB /* Comment.swift */; };
		A1505B921E8F10A900F111DB /* Group.swift in Sources */ = {isa = PBXBuildFile; fileRef = A1505B911E8F10A900F111DB /* Group.swift */; };
		A1505B941E8F10E400F111DB /* GroupInfo.swift in Sources */ = {isa = PBXBuildFile; fileRef = A1505B931E8F10E400F111DB /* GroupInfo.swift */; };
		A1505B961E8F112500F111DB /* GroupMember.swift in Sources */ = {isa = PBXBuildFile; fileRef = A1505B951E8F112500F111DB /* GroupMember.swift */; };
		A1505B981E8F117700F111DB /* LeaderboardItem.swift in Sources */ = {isa = PBXBuildFile; fileRef = A1505B971E8F117700F111DB /* LeaderboardItem.swift */; };
		A1505B9A1E8F11BC00F111DB /* Log.swift in Sources */ = {isa = PBXBuildFile; fileRef = A1505B991E8F11BC00F111DB /* Log.swift */; };
		A15BA1391E8AF61D00B9796B /* AppDelegate.swift in Sources */ = {isa = PBXBuildFile; fileRef = A15BA1381E8AF61D00B9796B /* AppDelegate.swift */; };
		A15BA1401E8AF61D00B9796B /* Assets.xcassets in Resources */ = {isa = PBXBuildFile; fileRef = A15BA13F1E8AF61D00B9796B /* Assets.xcassets */; };
		A15BA1431E8AF61D00B9796B /* LaunchScreen.storyboard in Resources */ = {isa = PBXBuildFile; fileRef = A15BA1411E8AF61D00B9796B /* LaunchScreen.storyboard */; };
		A15BA1671E8AF6CE00B9796B /* HomeViewController.swift in Sources */ = {isa = PBXBuildFile; fileRef = A15BA1661E8AF6CE00B9796B /* HomeViewController.swift */; };
		A15E622E1F3F97D700AC9EF1 /* ProfileViewController.swift in Sources */ = {isa = PBXBuildFile; fileRef = A15E622D1F3F97D700AC9EF1 /* ProfileViewController.swift */; };
		A15E62301F3F981600AC9EF1 /* LogViewController.swift in Sources */ = {isa = PBXBuildFile; fileRef = A15E622F1F3F981600AC9EF1 /* LogViewController.swift */; };
		A15E62331F3F986C00AC9EF1 /* GroupListViewController.swift in Sources */ = {isa = PBXBuildFile; fileRef = A15E62321F3F986C00AC9EF1 /* GroupListViewController.swift */; };
		A15E62351F3F98EC00AC9EF1 /* SignOutViewController.swift in Sources */ = {isa = PBXBuildFile; fileRef = A15E62341F3F98EC00AC9EF1 /* SignOutViewController.swift */; };
		A15E62371F3FA45F00AC9EF1 /* PickGroupViewController.swift in Sources */ = {isa = PBXBuildFile; fileRef = A15E62361F3FA45F00AC9EF1 /* PickGroupViewController.swift */; };
		A15E62391F3FD44000AC9EF1 /* UIColorExt.swift in Sources */ = {isa = PBXBuildFile; fileRef = A15E62381F3FD44000AC9EF1 /* UIColorExt.swift */; };
		A15E623C1F40F67900AC9EF1 /* Main.storyboard in Resources */ = {isa = PBXBuildFile; fileRef = A15E623A1F40F67900AC9EF1 /* Main.storyboard */; };
		A15E623E1F41545000AC9EF1 /* SignedInUser.swift in Sources */ = {isa = PBXBuildFile; fileRef = A15E623D1F41545000AC9EF1 /* SignedInUser.swift */; };
		A15E62401F4273BB00AC9EF1 /* StartViewController.swift in Sources */ = {isa = PBXBuildFile; fileRef = A15E623F1F4273BB00AC9EF1 /* StartViewController.swift */; };
		A15E62421F4FC70400AC9EF1 /* LogDataSource.swift in Sources */ = {isa = PBXBuildFile; fileRef = A15E62411F4FC70400AC9EF1 /* LogDataSource.swift */; };
		A15E62471F5231CC00AC9EF1 /* UITableExt.swift in Sources */ = {isa = PBXBuildFile; fileRef = A15E62461F5231CC00AC9EF1 /* UITableExt.swift */; };
		A15E62491F52372000AC9EF1 /* LogTableViewCell.swift in Sources */ = {isa = PBXBuildFile; fileRef = A15E62481F52372000AC9EF1 /* LogTableViewCell.swift */; };
		A15E624C1F536C8500AC9EF1 /* Constants.swift in Sources */ = {isa = PBXBuildFile; fileRef = A15E624B1F536C8500AC9EF1 /* Constants.swift */; };
		A173CB541F81C07D009C7A28 /* LoadingView.swift in Sources */ = {isa = PBXBuildFile; fileRef = A173CB531F81C07D009C7A28 /* LoadingView.swift */; };
		A173CB561F847D90009C7A28 /* MonthlyViewController.swift in Sources */ = {isa = PBXBuildFile; fileRef = A173CB551F847D90009C7A28 /* MonthlyViewController.swift */; };
		A18968271F7B25940073A73B /* EditProfileViewController.swift in Sources */ = {isa = PBXBuildFile; fileRef = A18968261F7B25940073A73B /* EditProfileViewController.swift */; };
		A18968291F7B44150073A73B /* DetailsViewController.swift in Sources */ = {isa = PBXBuildFile; fileRef = A18968281F7B44150073A73B /* DetailsViewController.swift */; };
		A189682B1F7C903B0073A73B /* TextViewExt.swift in Sources */ = {isa = PBXBuildFile; fileRef = A189682A1F7C903B0073A73B /* TextViewExt.swift */; };
		A189682D1F7F253E0073A73B /* ProPicViewController.swift in Sources */ = {isa = PBXBuildFile; fileRef = A189682C1F7F253E0073A73B /* ProPicViewController.swift */; };
		A19DED511F5907C500E6C9DA /* CommentTableViewCell.swift in Sources */ = {isa = PBXBuildFile; fileRef = A19DED501F5907C500E6C9DA /* CommentTableViewCell.swift */; };
		A19DED531F59088D00E6C9DA /* CommentViewController.swift in Sources */ = {isa = PBXBuildFile; fileRef = A19DED521F59088D00E6C9DA /* CommentViewController.swift */; };
		A19DED551F590A9F00E6C9DA /* NewCommentTableViewCell.swift in Sources */ = {isa = PBXBuildFile; fileRef = A19DED541F590A9F00E6C9DA /* NewCommentTableViewCell.swift */; };
		A19DED591F6CC79500E6C9DA /* Utils.swift in Sources */ = {isa = PBXBuildFile; fileRef = A19DED581F6CC79500E6C9DA /* Utils.swift */; };
		A1AAD7D71F7745580066710C /* StringExt.swift in Sources */ = {isa = PBXBuildFile; fileRef = A1AAD7D61F7745580066710C /* StringExt.swift */; };
		A1B458941F0C5FA400EDCF80 /* Credentials.swift in Sources */ = {isa = PBXBuildFile; fileRef = A1B458931F0C5FA400EDCF80 /* Credentials.swift */; };
		A1B458961F11AC0800EDCF80 /* UITextFieldExt.swift in Sources */ = {isa = PBXBuildFile; fileRef = A1B458951F11AC0800EDCF80 /* UITextFieldExt.swift */; };
		A1D53DEE1E8B647100842177 /* APIClient.swift in Sources */ = {isa = PBXBuildFile; fileRef = A1D53DED1E8B647100842177 /* APIClient.swift */; };
		A1D53DF01E8B648400842177 /* APIRequest.swift in Sources */ = {isa = PBXBuildFile; fileRef = A1D53DEF1E8B648400842177 /* APIRequest.swift */; };
		A1D53DF61E8DE25400842177 /* User.swift in Sources */ = {isa = PBXBuildFile; fileRef = A1D53DF51E8DE25400842177 /* User.swift */; };
/* End PBXBuildFile section */

/* Begin PBXContainerItemProxy section */
		A15BA14A1E8AF61D00B9796B /* PBXContainerItemProxy */ = {
			isa = PBXContainerItemProxy;
			containerPortal = A15BA12D1E8AF61D00B9796B /* Project object */;
			proxyType = 1;
			remoteGlobalIDString = A15BA1341E8AF61D00B9796B;
			remoteInfo = SaintsXCTF;
		};
		A15BA1551E8AF61E00B9796B /* PBXContainerItemProxy */ = {
			isa = PBXContainerItemProxy;
			containerPortal = A15BA12D1E8AF61D00B9796B /* Project object */;
			proxyType = 1;
			remoteGlobalIDString = A15BA1341E8AF61D00B9796B;
			remoteInfo = SaintsXCTF;
		};
/* End PBXContainerItemProxy section */

/* Begin PBXCopyFilesBuildPhase section */
		A11AB8A11F8959D50098AE8E /* Embed Frameworks */ = {
			isa = PBXCopyFilesBuildPhase;
			buildActionMask = 2147483647;
			dstPath = "";
			dstSubfolderSpec = 10;
			files = (
			);
			name = "Embed Frameworks";
			runOnlyForDeploymentPostprocessing = 0;
		};
/* End PBXCopyFilesBuildPhase section */

/* Begin PBXFileReference section */
		0CD90F1E9754CEAF302758E6 /* Pods-SaintsXCTF.debug.xcconfig */ = {isa = PBXFileReference; includeInIndex = 1; lastKnownFileType = text.xcconfig; name = "Pods-SaintsXCTF.debug.xcconfig"; path = "Pods/Target Support Files/Pods-SaintsXCTF/Pods-SaintsXCTF.debug.xcconfig"; sourceTree = "<group>"; };
		5710AA933FBAE02B146B8E7E /* Pods_SaintsXCTF.framework */ = {isa = PBXFileReference; explicitFileType = wrapper.framework; includeInIndex = 0; path = Pods_SaintsXCTF.framework; sourceTree = BUILT_PRODUCTS_DIR; };
		7A040544706F126FFF8857D3 /* Pods-SaintsXCTF.release.xcconfig */ = {isa = PBXFileReference; includeInIndex = 1; lastKnownFileType = text.xcconfig; name = "Pods-SaintsXCTF.release.xcconfig"; path = "Pods/Target Support Files/Pods-SaintsXCTF/Pods-SaintsXCTF.release.xcconfig"; sourceTree = "<group>"; };
		A1015A361EEDC0EA00A2358E /* ActivationCode.swift */ = {isa = PBXFileReference; fileEncoding = 4; lastKnownFileType = sourcecode.swift; path = ActivationCode.swift; sourceTree = "<group>"; };
		A1015A381EEDC1CF00A2358E /* Message.swift */ = {isa = PBXFileReference; fileEncoding = 4; lastKnownFileType = sourcecode.swift; path = Message.swift; sourceTree = "<group>"; };
		A1015A3A1EEDC2B800A2358E /* Notification.swift */ = {isa = PBXFileReference; fileEncoding = 4; lastKnownFileType = sourcecode.swift; path = Notification.swift; sourceTree = "<group>"; };
		A1015A3C1EEDC3F400A2358E /* RangeView.swift */ = {isa = PBXFileReference; fileEncoding = 4; lastKnownFileType = sourcecode.swift; path = RangeView.swift; sourceTree = "<group>"; };
		A10D61C41F6F45C100A406D9 /* UIToolbarExt.swift */ = {isa = PBXFileReference; fileEncoding = 4; lastKnownFileType = sourcecode.swift; path = UIToolbarExt.swift; sourceTree = "<group>"; };
		A11AB8A21F895CC40098AE8E /* WeeklyViewController.swift */ = {isa = PBXFileReference; fileEncoding = 4; lastKnownFileType = sourcecode.swift; path = WeeklyViewController.swift; sourceTree = "<group>"; };
		A11AB8A41F8997290098AE8E /* BarChartFormatter.swift */ = {isa = PBXFileReference; fileEncoding = 4; lastKnownFileType = sourcecode.swift; path = BarChartFormatter.swift; sourceTree = "<group>"; };
		A11AB8A71F89C3760098AE8E /* GroupViewController.swift */ = {isa = PBXFileReference; fileEncoding = 4; lastKnownFileType = sourcecode.swift; path = GroupViewController.swift; sourceTree = "<group>"; };
		A11AB8A91F8ABB650098AE8E /* LeaderboardViewController.swift */ = {isa = PBXFileReference; fileEncoding = 4; lastKnownFileType = sourcecode.swift; path = LeaderboardViewController.swift; sourceTree = "<group>"; };
		A11AB8AB1F8AC91F0098AE8E /* LeaderboardTableViewCell.swift */ = {isa = PBXFileReference; fileEncoding = 4; lastKnownFileType = sourcecode.swift; path = LeaderboardTableViewCell.swift; sourceTree = "<group>"; };
		A11AB8AD1F8C56180098AE8E /* SortView.xib */ = {isa = PBXFileReference; fileEncoding = 4; lastKnownFileType = file.xib; path = SortView.xib; sourceTree = "<group>"; };
		A11AB8AF1F8C57B50098AE8E /* SortView.swift */ = {isa = PBXFileReference; fileEncoding = 4; lastKnownFileType = sourcecode.swift; path = SortView.swift; sourceTree = "<group>"; };
		A11AB8B11F8EE9360098AE8E /* MessageViewController.swift */ = {isa = PBXFileReference; fileEncoding = 4; lastKnownFileType = sourcecode.swift; path = MessageViewController.swift; sourceTree = "<group>"; };
		A11AB8B31F8EF0810098AE8E /* MessageTableViewCell.swift */ = {isa = PBXFileReference; fileEncoding = 4; lastKnownFileType = sourcecode.swift; path = MessageTableViewCell.swift; sourceTree = "<group>"; };
		A11AB8B51F8EF0A10098AE8E /* NewMessageTableViewCell.swift */ = {isa = PBXFileReference; fileEncoding = 4; lastKnownFileType = sourcecode.swift; path = NewMessageTableViewCell.swift; sourceTree = "<group>"; };
		A11AB8B71F9060850098AE8E /* MemberViewController.swift */ = {isa = PBXFileReference; fileEncoding = 4; lastKnownFileType = sourcecode.swift; path = MemberViewController.swift; sourceTree = "<group>"; };
		A11AB8B91F9065390098AE8E /* MemberTableViewCell.swift */ = {isa = PBXFileReference; fileEncoding = 4; lastKnownFileType = sourcecode.swift; path = MemberTableViewCell.swift; sourceTree = "<group>"; };
		A11AB8BB1F9189C20098AE8E /* AdminViewController.swift */ = {isa = PBXFileReference; fileEncoding = 4; lastKnownFileType = sourcecode.swift; path = AdminViewController.swift; sourceTree = "<group>"; };
		A11AB8BD1F92ACE60098AE8E /* Mail.swift */ = {isa = PBXFileReference; fileEncoding = 4; lastKnownFileType = sourcecode.swift; path = Mail.swift; sourceTree = "<group>"; };
		A11C2DF31F0B249E00EBDDB5 /* SignUpViewController.swift */ = {isa = PBXFileReference; fileEncoding = 4; lastKnownFileType = sourcecode.swift; path = SignUpViewController.swift; sourceTree = "<group>"; };
		A11C2DF51F0B284F00EBDDB5 /* MainViewController.swift */ = {isa = PBXFileReference; fileEncoding = 4; lastKnownFileType = sourcecode.swift; path = MainViewController.swift; sourceTree = "<group>"; };
		A1505B8F1E8F105A00F111DB /* Comment.swift */ = {isa = PBXFileReference; fileEncoding = 4; lastKnownFileType = sourcecode.swift; path = Comment.swift; sourceTree = "<group>"; };
		A1505B911E8F10A900F111DB /* Group.swift */ = {isa = PBXFileReference; fileEncoding = 4; lastKnownFileType = sourcecode.swift; path = Group.swift; sourceTree = "<group>"; };
		A1505B931E8F10E400F111DB /* GroupInfo.swift */ = {isa = PBXFileReference; fileEncoding = 4; lastKnownFileType = sourcecode.swift; path = GroupInfo.swift; sourceTree = "<group>"; };
		A1505B951E8F112500F111DB /* GroupMember.swift */ = {isa = PBXFileReference; fileEncoding = 4; lastKnownFileType = sourcecode.swift; path = GroupMember.swift; sourceTree = "<group>"; };
		A1505B971E8F117700F111DB /* LeaderboardItem.swift */ = {isa = PBXFileReference; fileEncoding = 4; lastKnownFileType = sourcecode.swift; path = LeaderboardItem.swift; sourceTree = "<group>"; };
		A1505B991E8F11BC00F111DB /* Log.swift */ = {isa = PBXFileReference; fileEncoding = 4; lastKnownFileType = sourcecode.swift; path = Log.swift; sourceTree = "<group>"; };
		A15BA1351E8AF61D00B9796B /* SaintsXCTF.app */ = {isa = PBXFileReference; explicitFileType = wrapper.application; includeInIndex = 0; path = SaintsXCTF.app; sourceTree = BUILT_PRODUCTS_DIR; };
		A15BA1381E8AF61D00B9796B /* AppDelegate.swift */ = {isa = PBXFileReference; lastKnownFileType = sourcecode.swift; path = AppDelegate.swift; sourceTree = "<group>"; };
		A15BA13F1E8AF61D00B9796B /* Assets.xcassets */ = {isa = PBXFileReference; lastKnownFileType = folder.assetcatalog; path = Assets.xcassets; sourceTree = "<group>"; };
		A15BA1421E8AF61D00B9796B /* Base */ = {isa = PBXFileReference; lastKnownFileType = file.storyboard; name = Base; path = Base.lproj/LaunchScreen.storyboard; sourceTree = "<group>"; };
		A15BA1441E8AF61D00B9796B /* Info.plist */ = {isa = PBXFileReference; lastKnownFileType = text.plist.xml; path = Info.plist; sourceTree = "<group>"; };
		A15BA1491E8AF61D00B9796B /* SaintsXCTFTests.xctest */ = {isa = PBXFileReference; explicitFileType = wrapper.cfbundle; includeInIndex = 0; path = SaintsXCTFTests.xctest; sourceTree = BUILT_PRODUCTS_DIR; };
		A15BA1541E8AF61E00B9796B /* SaintsXCTFUITests.xctest */ = {isa = PBXFileReference; explicitFileType = wrapper.cfbundle; includeInIndex = 0; path = SaintsXCTFUITests.xctest; sourceTree = BUILT_PRODUCTS_DIR; };
		A15BA1661E8AF6CE00B9796B /* HomeViewController.swift */ = {isa = PBXFileReference; fileEncoding = 4; lastKnownFileType = sourcecode.swift; path = HomeViewController.swift; sourceTree = "<group>"; xcLanguageSpecificationIdentifier = xcode.lang.swift; };
		A15E622D1F3F97D700AC9EF1 /* ProfileViewController.swift */ = {isa = PBXFileReference; fileEncoding = 4; lastKnownFileType = sourcecode.swift; path = ProfileViewController.swift; sourceTree = "<group>"; };
		A15E622F1F3F981600AC9EF1 /* LogViewController.swift */ = {isa = PBXFileReference; fileEncoding = 4; lastKnownFileType = sourcecode.swift; path = LogViewController.swift; sourceTree = "<group>"; };
		A15E62321F3F986C00AC9EF1 /* GroupListViewController.swift */ = {isa = PBXFileReference; fileEncoding = 4; lastKnownFileType = sourcecode.swift; path = GroupListViewController.swift; sourceTree = "<group>"; };
		A15E62341F3F98EC00AC9EF1 /* SignOutViewController.swift */ = {isa = PBXFileReference; fileEncoding = 4; lastKnownFileType = sourcecode.swift; path = SignOutViewController.swift; sourceTree = "<group>"; };
		A15E62361F3FA45F00AC9EF1 /* PickGroupViewController.swift */ = {isa = PBXFileReference; fileEncoding = 4; lastKnownFileType = sourcecode.swift; path = PickGroupViewController.swift; sourceTree = "<group>"; };
		A15E62381F3FD44000AC9EF1 /* UIColorExt.swift */ = {isa = PBXFileReference; fileEncoding = 4; lastKnownFileType = sourcecode.swift; path = UIColorExt.swift; sourceTree = "<group>"; };
		A15E623B1F40F67900AC9EF1 /* Base */ = {isa = PBXFileReference; lastKnownFileType = file.storyboard; name = Base; path = Base.lproj/Main.storyboard; sourceTree = "<group>"; };
		A15E623D1F41545000AC9EF1 /* SignedInUser.swift */ = {isa = PBXFileReference; fileEncoding = 4; lastKnownFileType = sourcecode.swift; path = SignedInUser.swift; sourceTree = "<group>"; };
		A15E623F1F4273BB00AC9EF1 /* StartViewController.swift */ = {isa = PBXFileReference; fileEncoding = 4; lastKnownFileType = sourcecode.swift; path = StartViewController.swift; sourceTree = "<group>"; };
		A15E62411F4FC70400AC9EF1 /* LogDataSource.swift */ = {isa = PBXFileReference; fileEncoding = 4; lastKnownFileType = sourcecode.swift; path = LogDataSource.swift; sourceTree = "<group>"; };
		A15E62461F5231CC00AC9EF1 /* UITableExt.swift */ = {isa = PBXFileReference; fileEncoding = 4; lastKnownFileType = sourcecode.swift; path = UITableExt.swift; sourceTree = "<group>"; };
		A15E62481F52372000AC9EF1 /* LogTableViewCell.swift */ = {isa = PBXFileReference; fileEncoding = 4; lastKnownFileType = sourcecode.swift; path = LogTableViewCell.swift; sourceTree = "<group>"; };
		A15E624B1F536C8500AC9EF1 /* Constants.swift */ = {isa = PBXFileReference; fileEncoding = 4; lastKnownFileType = sourcecode.swift; path = Constants.swift; sourceTree = "<group>"; };
		A173CB531F81C07D009C7A28 /* LoadingView.swift */ = {isa = PBXFileReference; fileEncoding = 4; lastKnownFileType = sourcecode.swift; path = LoadingView.swift; sourceTree = "<group>"; };
		A173CB551F847D90009C7A28 /* MonthlyViewController.swift */ = {isa = PBXFileReference; fileEncoding = 4; lastKnownFileType = sourcecode.swift; path = MonthlyViewController.swift; sourceTree = "<group>"; };
		A18968261F7B25940073A73B /* EditProfileViewController.swift */ = {isa = PBXFileReference; fileEncoding = 4; lastKnownFileType = sourcecode.swift; path = EditProfileViewController.swift; sourceTree = "<group>"; };
		A18968281F7B44150073A73B /* DetailsViewController.swift */ = {isa = PBXFileReference; fileEncoding = 4; lastKnownFileType = sourcecode.swift; path = DetailsViewController.swift; sourceTree = "<group>"; };
		A189682A1F7C903B0073A73B /* TextViewExt.swift */ = {isa = PBXFileReference; fileEncoding = 4; lastKnownFileType = sourcecode.swift; path = TextViewExt.swift; sourceTree = "<group>"; };
		A189682C1F7F253E0073A73B /* ProPicViewController.swift */ = {isa = PBXFileReference; fileEncoding = 4; lastKnownFileType = sourcecode.swift; path = ProPicViewController.swift; sourceTree = "<group>"; };
		A19DED501F5907C500E6C9DA /* CommentTableViewCell.swift */ = {isa = PBXFileReference; fileEncoding = 4; lastKnownFileType = sourcecode.swift; path = CommentTableViewCell.swift; sourceTree = "<group>"; };
		A19DED521F59088D00E6C9DA /* CommentViewController.swift */ = {isa = PBXFileReference; fileEncoding = 4; lastKnownFileType = sourcecode.swift; path = CommentViewController.swift; sourceTree = "<group>"; };
		A19DED541F590A9F00E6C9DA /* NewCommentTableViewCell.swift */ = {isa = PBXFileReference; fileEncoding = 4; lastKnownFileType = sourcecode.swift; path = NewCommentTableViewCell.swift; sourceTree = "<group>"; };
		A19DED581F6CC79500E6C9DA /* Utils.swift */ = {isa = PBXFileReference; fileEncoding = 4; lastKnownFileType = sourcecode.swift; path = Utils.swift; sourceTree = "<group>"; };
		A1AAD7D61F7745580066710C /* StringExt.swift */ = {isa = PBXFileReference; fileEncoding = 4; lastKnownFileType = sourcecode.swift; path = StringExt.swift; sourceTree = "<group>"; };
		A1B458931F0C5FA400EDCF80 /* Credentials.swift */ = {isa = PBXFileReference; fileEncoding = 4; lastKnownFileType = sourcecode.swift; path = Credentials.swift; sourceTree = "<group>"; };
		A1B458951F11AC0800EDCF80 /* UITextFieldExt.swift */ = {isa = PBXFileReference; fileEncoding = 4; lastKnownFileType = sourcecode.swift; path = UITextFieldExt.swift; sourceTree = "<group>"; };
		A1D53DED1E8B647100842177 /* APIClient.swift */ = {isa = PBXFileReference; fileEncoding = 4; lastKnownFileType = sourcecode.swift; path = APIClient.swift; sourceTree = "<group>"; };
		A1D53DEF1E8B648400842177 /* APIRequest.swift */ = {isa = PBXFileReference; fileEncoding = 4; lastKnownFileType = sourcecode.swift; path = APIRequest.swift; sourceTree = "<group>"; };
		A1D53DF51E8DE25400842177 /* User.swift */ = {isa = PBXFileReference; fileEncoding = 4; lastKnownFileType = sourcecode.swift; path = User.swift; sourceTree = "<group>"; };
/* End PBXFileReference section */

/* Begin PBXFrameworksBuildPhase section */
		A15BA1321E8AF61D00B9796B /* Frameworks */ = {
			isa = PBXFrameworksBuildPhase;
			buildActionMask = 2147483647;
			files = (
				1CE0610CCE5153FFA7B56A74 /* Pods_SaintsXCTF.framework in Frameworks */,
			);
			runOnlyForDeploymentPostprocessing = 0;
		};
		A15BA1461E8AF61D00B9796B /* Frameworks */ = {
			isa = PBXFrameworksBuildPhase;
			buildActionMask = 2147483647;
			files = (
			);
			runOnlyForDeploymentPostprocessing = 0;
		};
		A15BA1511E8AF61E00B9796B /* Frameworks */ = {
			isa = PBXFrameworksBuildPhase;
			buildActionMask = 2147483647;
			files = (
			);
			runOnlyForDeploymentPostprocessing = 0;
		};
/* End PBXFrameworksBuildPhase section */

/* Begin PBXGroup section */
		2EF042E98527AD7FD40DB0BC /* Frameworks */ = {
			isa = PBXGroup;
			children = (
				5710AA933FBAE02B146B8E7E /* Pods_SaintsXCTF.framework */,
			);
			name = Frameworks;
			sourceTree = "<group>";
		};
		A10D61C21F6E120400A406D9 /* Comment */ = {
			isa = PBXGroup;
			children = (
				A19DED541F590A9F00E6C9DA /* NewCommentTableViewCell.swift */,
				A19DED521F59088D00E6C9DA /* CommentViewController.swift */,
				A19DED501F5907C500E6C9DA /* CommentTableViewCell.swift */,
			);
			name = Comment;
			sourceTree = "<group>";
		};
		A10D61C31F6E126900A406D9 /* Log */ = {
			isa = PBXGroup;
			children = (
				A15E622F1F3F981600AC9EF1 /* LogViewController.swift */,
			);
			name = Log;
			sourceTree = "<group>";
		};
		A11AB8A61F89B70A0098AE8E /* Group */ = {
			isa = PBXGroup;
			children = (
				A15E62321F3F986C00AC9EF1 /* GroupListViewController.swift */,
				A11AB8A71F89C3760098AE8E /* GroupViewController.swift */,
				A11AB8A91F8ABB650098AE8E /* LeaderboardViewController.swift */,
				A11AB8AB1F8AC91F0098AE8E /* LeaderboardTableViewCell.swift */,
				A11AB8AF1F8C57B50098AE8E /* SortView.swift */,
				A11AB8B11F8EE9360098AE8E /* MessageViewController.swift */,
				A11AB8B31F8EF0810098AE8E /* MessageTableViewCell.swift */,
				A11AB8B51F8EF0A10098AE8E /* NewMessageTableViewCell.swift */,
				A11AB8B71F9060850098AE8E /* MemberViewController.swift */,
				A11AB8B91F9065390098AE8E /* MemberTableViewCell.swift */,
				A11AB8BB1F9189C20098AE8E /* AdminViewController.swift */,
			);
			name = Group;
			sourceTree = "<group>";
		};
		A11E68AA1F783CD300170E47 /* Profile */ = {
			isa = PBXGroup;
			children = (
				A15E622D1F3F97D700AC9EF1 /* ProfileViewController.swift */,
				A18968261F7B25940073A73B /* EditProfileViewController.swift */,
				A18968281F7B44150073A73B /* DetailsViewController.swift */,
				A189682C1F7F253E0073A73B /* ProPicViewController.swift */,
				A173CB551F847D90009C7A28 /* MonthlyViewController.swift */,
				A11AB8A21F895CC40098AE8E /* WeeklyViewController.swift */,
				A11AB8A41F8997290098AE8E /* BarChartFormatter.swift */,
			);
			name = Profile;
			sourceTree = "<group>";
		};
		A15BA12C1E8AF61D00B9796B = {
			isa = PBXGroup;
			children = (
				A15BA1371E8AF61D00B9796B /* SaintsXCTF */,
				A15BA1361E8AF61D00B9796B /* Products */,
				BA1F2D94348037A236758C1C /* Pods */,
				2EF042E98527AD7FD40DB0BC /* Frameworks */,
			);
			sourceTree = "<group>";
		};
		A15BA1361E8AF61D00B9796B /* Products */ = {
			isa = PBXGroup;
			children = (
				A15BA1351E8AF61D00B9796B /* SaintsXCTF.app */,
				A15BA1491E8AF61D00B9796B /* SaintsXCTFTests.xctest */,
				A15BA1541E8AF61E00B9796B /* SaintsXCTFUITests.xctest */,
			);
			name = Products;
			sourceTree = "<group>";
		};
		A15BA1371E8AF61D00B9796B /* SaintsXCTF */ = {
			isa = PBXGroup;
			children = (
				A15E622B1F3F936400AC9EF1 /* Swift */,
				A15BA1381E8AF61D00B9796B /* AppDelegate.swift */,
				A15BA13F1E8AF61D00B9796B /* Assets.xcassets */,
				A15E623A1F40F67900AC9EF1 /* Main.storyboard */,
				A15BA1411E8AF61D00B9796B /* LaunchScreen.storyboard */,
				A15BA1441E8AF61D00B9796B /* Info.plist */,
				A11AB8AD1F8C56180098AE8E /* SortView.xib */,
			);
			path = SaintsXCTF;
			sourceTree = "<group>";
		};
		A15E62281F3F91C900AC9EF1 /* APIClient */ = {
			isa = PBXGroup;
			children = (
				A15E622A1F3F92A100AC9EF1 /* Models */,
				A1D53DEF1E8B648400842177 /* APIRequest.swift */,
				A1D53DED1E8B647100842177 /* APIClient.swift */,
			);
			name = APIClient;
			sourceTree = "<group>";
		};
		A15E62291F3F91F600AC9EF1 /* App */ = {
			isa = PBXGroup;
			children = (
				A11AB8A61F89B70A0098AE8E /* Group */,
				A11E68AA1F783CD300170E47 /* Profile */,
				A10D61C31F6E126900A406D9 /* Log */,
				A10D61C21F6E120400A406D9 /* Comment */,
				A15E624A1F536C6200AC9EF1 /* Constants */,
				A15E62451F5119F700AC9EF1 /* Main */,
				A15E622C1F3F938B00AC9EF1 /* Extensions */,
				A15BA1661E8AF6CE00B9796B /* HomeViewController.swift */,
				A11C2DF31F0B249E00EBDDB5 /* SignUpViewController.swift */,
				A15E62341F3F98EC00AC9EF1 /* SignOutViewController.swift */,
				A15E62361F3FA45F00AC9EF1 /* PickGroupViewController.swift */,
				A15E623D1F41545000AC9EF1 /* SignedInUser.swift */,
				A15E623F1F4273BB00AC9EF1 /* StartViewController.swift */,
				A19DED581F6CC79500E6C9DA /* Utils.swift */,
				A173CB531F81C07D009C7A28 /* LoadingView.swift */,
			);
			name = App;
			sourceTree = "<group>";
		};
		A15E622A1F3F92A100AC9EF1 /* Models */ = {
			isa = PBXGroup;
			children = (
				A1D53DF51E8DE25400842177 /* User.swift */,
				A1505B991E8F11BC00F111DB /* Log.swift */,
				A1505B911E8F10A900F111DB /* Group.swift */,
				A1505B8F1E8F105A00F111DB /* Comment.swift */,
				A1015A381EEDC1CF00A2358E /* Message.swift */,
				A1015A3A1EEDC2B800A2358E /* Notification.swift */,
				A1015A3C1EEDC3F400A2358E /* RangeView.swift */,
				A1505B971E8F117700F111DB /* LeaderboardItem.swift */,
				A1B458931F0C5FA400EDCF80 /* Credentials.swift */,
				A1015A361EEDC0EA00A2358E /* ActivationCode.swift */,
				A1505B951E8F112500F111DB /* GroupMember.swift */,
				A1505B931E8F10E400F111DB /* GroupInfo.swift */,
				A11AB8BD1F92ACE60098AE8E /* Mail.swift */,
			);
			name = Models;
			sourceTree = "<group>";
		};
		A15E622B1F3F936400AC9EF1 /* Swift */ = {
			isa = PBXGroup;
			children = (
				A15E62281F3F91C900AC9EF1 /* APIClient */,
				A15E62291F3F91F600AC9EF1 /* App */,
			);
			name = Swift;
			sourceTree = "<group>";
		};
		A15E622C1F3F938B00AC9EF1 /* Extensions */ = {
			isa = PBXGroup;
			children = (
				A1B458951F11AC0800EDCF80 /* UITextFieldExt.swift */,
				A15E62381F3FD44000AC9EF1 /* UIColorExt.swift */,
				A15E62461F5231CC00AC9EF1 /* UITableExt.swift */,
				A10D61C41F6F45C100A406D9 /* UIToolbarExt.swift */,
				A1AAD7D61F7745580066710C /* StringExt.swift */,
				A189682A1F7C903B0073A73B /* TextViewExt.swift */,
			);
			name = Extensions;
			sourceTree = "<group>";
		};
		A15E62451F5119F700AC9EF1 /* Main */ = {
			isa = PBXGroup;
			children = (
				A15E62411F4FC70400AC9EF1 /* LogDataSource.swift */,
				A11C2DF51F0B284F00EBDDB5 /* MainViewController.swift */,
				A15E62481F52372000AC9EF1 /* LogTableViewCell.swift */,
			);
			name = Main;
			sourceTree = "<group>";
		};
		A15E624A1F536C6200AC9EF1 /* Constants */ = {
			isa = PBXGroup;
			children = (
				A15E624B1F536C8500AC9EF1 /* Constants.swift */,
			);
			name = Constants;
			sourceTree = "<group>";
		};
		BA1F2D94348037A236758C1C /* Pods */ = {
			isa = PBXGroup;
			children = (
				0CD90F1E9754CEAF302758E6 /* Pods-SaintsXCTF.debug.xcconfig */,
				7A040544706F126FFF8857D3 /* Pods-SaintsXCTF.release.xcconfig */,
			);
			name = Pods;
			sourceTree = "<group>";
		};
/* End PBXGroup section */

/* Begin PBXNativeTarget section */
		A15BA1341E8AF61D00B9796B /* SaintsXCTF */ = {
			isa = PBXNativeTarget;
			buildConfigurationList = A15BA15D1E8AF61E00B9796B /* Build configuration list for PBXNativeTarget "SaintsXCTF" */;
			buildPhases = (
				626129A70D7C10FDD1EDAA35 /* [CP] Check Pods Manifest.lock */,
				A15BA1311E8AF61D00B9796B /* Sources */,
				A15BA1321E8AF61D00B9796B /* Frameworks */,
				A15BA1331E8AF61D00B9796B /* Resources */,
				58A6F4514EF0F6186C1C892C /* [CP] Embed Pods Frameworks */,
				9C626AAF3134595E6CF869FD /* [CP] Copy Pods Resources */,
				A11AB8A11F8959D50098AE8E /* Embed Frameworks */,
			);
			buildRules = (
			);
			dependencies = (
			);
			name = SaintsXCTF;
			productName = SaintsXCTF;
			productReference = A15BA1351E8AF61D00B9796B /* SaintsXCTF.app */;
			productType = "com.apple.product-type.application";
		};
		A15BA1481E8AF61D00B9796B /* SaintsXCTFTests */ = {
			isa = PBXNativeTarget;
			buildConfigurationList = A15BA1601E8AF61E00B9796B /* Build configuration list for PBXNativeTarget "SaintsXCTFTests" */;
			buildPhases = (
				A15BA1451E8AF61D00B9796B /* Sources */,
				A15BA1461E8AF61D00B9796B /* Frameworks */,
				A15BA1471E8AF61D00B9796B /* Resources */,
			);
			buildRules = (
			);
			dependencies = (
				A15BA14B1E8AF61D00B9796B /* PBXTargetDependency */,
			);
			name = SaintsXCTFTests;
			productName = SaintsXCTFTests;
			productReference = A15BA1491E8AF61D00B9796B /* SaintsXCTFTests.xctest */;
			productType = "com.apple.product-type.bundle.unit-test";
		};
		A15BA1531E8AF61E00B9796B /* SaintsXCTFUITests */ = {
			isa = PBXNativeTarget;
			buildConfigurationList = A15BA1631E8AF61E00B9796B /* Build configuration list for PBXNativeTarget "SaintsXCTFUITests" */;
			buildPhases = (
				A15BA1501E8AF61E00B9796B /* Sources */,
				A15BA1511E8AF61E00B9796B /* Frameworks */,
				A15BA1521E8AF61E00B9796B /* Resources */,
			);
			buildRules = (
			);
			dependencies = (
				A15BA1561E8AF61E00B9796B /* PBXTargetDependency */,
			);
			name = SaintsXCTFUITests;
			productName = SaintsXCTFUITests;
			productReference = A15BA1541E8AF61E00B9796B /* SaintsXCTFUITests.xctest */;
			productType = "com.apple.product-type.bundle.ui-testing";
		};
/* End PBXNativeTarget section */

/* Begin PBXProject section */
		A15BA12D1E8AF61D00B9796B /* Project object */ = {
			isa = PBXProject;
			attributes = {
				LastSwiftUpdateCheck = 0820;
				LastUpgradeCheck = 0820;
				ORGANIZATIONNAME = "Andy Jarombek";
				TargetAttributes = {
					A15BA1341E8AF61D00B9796B = {
						CreatedOnToolsVersion = 8.2.1;
						ProvisioningStyle = Automatic;
					};
					A15BA1481E8AF61D00B9796B = {
						CreatedOnToolsVersion = 8.2.1;
						ProvisioningStyle = Automatic;
						TestTargetID = A15BA1341E8AF61D00B9796B;
					};
					A15BA1531E8AF61E00B9796B = {
						CreatedOnToolsVersion = 8.2.1;
						ProvisioningStyle = Automatic;
						TestTargetID = A15BA1341E8AF61D00B9796B;
					};
				};
			};
			buildConfigurationList = A15BA1301E8AF61D00B9796B /* Build configuration list for PBXProject "SaintsXCTF" */;
			compatibilityVersion = "Xcode 3.2";
			developmentRegion = English;
			hasScannedForEncodings = 0;
			knownRegions = (
				en,
				Base,
			);
			mainGroup = A15BA12C1E8AF61D00B9796B;
			productRefGroup = A15BA1361E8AF61D00B9796B /* Products */;
			projectDirPath = "";
			projectRoot = "";
			targets = (
				A15BA1341E8AF61D00B9796B /* SaintsXCTF */,
				A15BA1481E8AF61D00B9796B /* SaintsXCTFTests */,
				A15BA1531E8AF61E00B9796B /* SaintsXCTFUITests */,
			);
		};
/* End PBXProject section */

/* Begin PBXResourcesBuildPhase section */
		A15BA1331E8AF61D00B9796B /* Resources */ = {
			isa = PBXResourcesBuildPhase;
			buildActionMask = 2147483647;
			files = (
				A11AB8AE1F8C56180098AE8E /* SortView.xib in Resources */,
				A15E623C1F40F67900AC9EF1 /* Main.storyboard in Resources */,
				A15BA1431E8AF61D00B9796B /* LaunchScreen.storyboard in Resources */,
				A15BA1401E8AF61D00B9796B /* Assets.xcassets in Resources */,
			);
			runOnlyForDeploymentPostprocessing = 0;
		};
		A15BA1471E8AF61D00B9796B /* Resources */ = {
			isa = PBXResourcesBuildPhase;
			buildActionMask = 2147483647;
			files = (
			);
			runOnlyForDeploymentPostprocessing = 0;
		};
		A15BA1521E8AF61E00B9796B /* Resources */ = {
			isa = PBXResourcesBuildPhase;
			buildActionMask = 2147483647;
			files = (
			);
			runOnlyForDeploymentPostprocessing = 0;
		};
/* End PBXResourcesBuildPhase section */

/* Begin PBXShellScriptBuildPhase section */
		58A6F4514EF0F6186C1C892C /* [CP] Embed Pods Frameworks */ = {
			isa = PBXShellScriptBuildPhase;
			buildActionMask = 2147483647;
			files = (
			);
			inputPaths = (
			);
			name = "[CP] Embed Pods Frameworks";
			outputPaths = (
			);
			runOnlyForDeploymentPostprocessing = 0;
			shellPath = /bin/sh;
			shellScript = "\"${SRCROOT}/Pods/Target Support Files/Pods-SaintsXCTF/Pods-SaintsXCTF-frameworks.sh\"\n";
			showEnvVarsInLog = 0;
		};
		626129A70D7C10FDD1EDAA35 /* [CP] Check Pods Manifest.lock */ = {
			isa = PBXShellScriptBuildPhase;
			buildActionMask = 2147483647;
			files = (
			);
			inputPaths = (
			);
			name = "[CP] Check Pods Manifest.lock";
			outputPaths = (
			);
			runOnlyForDeploymentPostprocessing = 0;
			shellPath = /bin/sh;
			shellScript = "diff \"${PODS_ROOT}/../Podfile.lock\" \"${PODS_ROOT}/Manifest.lock\" > /dev/null\nif [ $? != 0 ] ; then\n    # print error to STDERR\n    echo \"error: The sandbox is not in sync with the Podfile.lock. Run 'pod install' or update your CocoaPods installation.\" >&2\n    exit 1\nfi\n";
			showEnvVarsInLog = 0;
		};
		9C626AAF3134595E6CF869FD /* [CP] Copy Pods Resources */ = {
			isa = PBXShellScriptBuildPhase;
			buildActionMask = 2147483647;
			files = (
			);
			inputPaths = (
			);
			name = "[CP] Copy Pods Resources";
			outputPaths = (
			);
			runOnlyForDeploymentPostprocessing = 0;
			shellPath = /bin/sh;
			shellScript = "\"${SRCROOT}/Pods/Target Support Files/Pods-SaintsXCTF/Pods-SaintsXCTF-resources.sh\"\n";
			showEnvVarsInLog = 0;
		};
/* End PBXShellScriptBuildPhase section */

/* Begin PBXSourcesBuildPhase section */
		A15BA1311E8AF61D00B9796B /* Sources */ = {
			isa = PBXSourcesBuildPhase;
			buildActionMask = 2147483647;
			files = (
				A15E62331F3F986C00AC9EF1 /* GroupListViewController.swift in Sources */,
				A15BA1391E8AF61D00B9796B /* AppDelegate.swift in Sources */,
				A1D53DF01E8B648400842177 /* APIRequest.swift in Sources */,
				A15E622E1F3F97D700AC9EF1 /* ProfileViewController.swift in Sources */,
				A1505B9A1E8F11BC00F111DB /* Log.swift in Sources */,
				A173CB541F81C07D009C7A28 /* LoadingView.swift in Sources */,
				A11AB8A81F89C3760098AE8E /* GroupViewController.swift in Sources */,
				A173CB561F847D90009C7A28 /* MonthlyViewController.swift in Sources */,
				A189682B1F7C903B0073A73B /* TextViewExt.swift in Sources */,
				A15E62401F4273BB00AC9EF1 /* StartViewController.swift in Sources */,
				A1D53DF61E8DE25400842177 /* User.swift in Sources */,
				A189682D1F7F253E0073A73B /* ProPicViewController.swift in Sources */,
				A15E624C1F536C8500AC9EF1 /* Constants.swift in Sources */,
				A1015A371EEDC0EA00A2358E /* ActivationCode.swift in Sources */,
				A15E62471F5231CC00AC9EF1 /* UITableExt.swift in Sources */,
				A19DED591F6CC79500E6C9DA /* Utils.swift in Sources */,
				A18968291F7B44150073A73B /* DetailsViewController.swift in Sources */,
				A1B458961F11AC0800EDCF80 /* UITextFieldExt.swift in Sources */,
				A11AB8B81F9060850098AE8E /* MemberViewController.swift in Sources */,
				A19DED511F5907C500E6C9DA /* CommentTableViewCell.swift in Sources */,
				A11C2DF41F0B249E00EBDDB5 /* SignUpViewController.swift in Sources */,
				A11AB8B41F8EF0810098AE8E /* MessageTableViewCell.swift in Sources */,
				A1505B921E8F10A900F111DB /* Group.swift in Sources */,
				A11AB8B01F8C57B50098AE8E /* SortView.swift in Sources */,
				A11C2DF61F0B284F00EBDDB5 /* MainViewController.swift in Sources */,
				A15E623E1F41545000AC9EF1 /* SignedInUser.swift in Sources */,
				A1505B901E8F105A00F111DB /* Comment.swift in Sources */,
				A15E62371F3FA45F00AC9EF1 /* PickGroupViewController.swift in Sources */,
				A1505B961E8F112500F111DB /* GroupMember.swift in Sources */,
				A15E62301F3F981600AC9EF1 /* LogViewController.swift in Sources */,
				A19DED551F590A9F00E6C9DA /* NewCommentTableViewCell.swift in Sources */,
				A11AB8BA1F9065390098AE8E /* MemberTableViewCell.swift in Sources */,
				A11AB8BE1F92ACE60098AE8E /* Mail.swift in Sources */,
				A15E62491F52372000AC9EF1 /* LogTableViewCell.swift in Sources */,
				A11AB8BC1F9189C20098AE8E /* AdminViewController.swift in Sources */,
				A15E62351F3F98EC00AC9EF1 /* SignOutViewController.swift in Sources */,
				A11AB8A31F895CC40098AE8E /* WeeklyViewController.swift in Sources */,
				A15BA1671E8AF6CE00B9796B /* HomeViewController.swift in Sources */,
				A11AB8AA1F8ABB650098AE8E /* LeaderboardViewController.swift in Sources */,
				A11AB8B21F8EE9360098AE8E /* MessageViewController.swift in Sources */,
				A11AB8AC1F8AC91F0098AE8E /* LeaderboardTableViewCell.swift in Sources */,
				A15E62421F4FC70400AC9EF1 /* LogDataSource.swift in Sources */,
				A11AB8B61F8EF0A10098AE8E /* NewMessageTableViewCell.swift in Sources */,
				A11AB8A51F8997290098AE8E /* BarChartFormatter.swift in Sources */,
				A18968271F7B25940073A73B /* EditProfileViewController.swift in Sources */,
				A15E62391F3FD44000AC9EF1 /* UIColorExt.swift in Sources */,
				A10D61C51F6F45C100A406D9 /* UIToolbarExt.swift in Sources */,
				A1015A391EEDC1CF00A2358E /* Message.swift in Sources */,
				A1AAD7D71F7745580066710C /* StringExt.swift in Sources */,
				A1B458941F0C5FA400EDCF80 /* Credentials.swift in Sources */,
				A1015A3D1EEDC3F400A2358E /* RangeView.swift in Sources */,
				A1015A3B1EEDC2B800A2358E /* Notification.swift in Sources */,
				A1505B981E8F117700F111DB /* LeaderboardItem.swift in Sources */,
				A1D53DEE1E8B647100842177 /* APIClient.swift in Sources */,
				A1505B941E8F10E400F111DB /* GroupInfo.swift in Sources */,
				A19DED531F59088D00E6C9DA /* CommentViewController.swift in Sources */,
			);
			runOnlyForDeploymentPostprocessing = 0;
		};
		A15BA1451E8AF61D00B9796B /* Sources */ = {
			isa = PBXSourcesBuildPhase;
			buildActionMask = 2147483647;
			files = (
			);
			runOnlyForDeploymentPostprocessing = 0;
		};
		A15BA1501E8AF61E00B9796B /* Sources */ = {
			isa = PBXSourcesBuildPhase;
			buildActionMask = 2147483647;
			files = (
			);
			runOnlyForDeploymentPostprocessing = 0;
		};
/* End PBXSourcesBuildPhase section */

/* Begin PBXTargetDependency section */
		A15BA14B1E8AF61D00B9796B /* PBXTargetDependency */ = {
			isa = PBXTargetDependency;
			target = A15BA1341E8AF61D00B9796B /* SaintsXCTF */;
			targetProxy = A15BA14A1E8AF61D00B9796B /* PBXContainerItemProxy */;
		};
		A15BA1561E8AF61E00B9796B /* PBXTargetDependency */ = {
			isa = PBXTargetDependency;
			target = A15BA1341E8AF61D00B9796B /* SaintsXCTF */;
			targetProxy = A15BA1551E8AF61E00B9796B /* PBXContainerItemProxy */;
		};
/* End PBXTargetDependency section */

/* Begin PBXVariantGroup section */
		A15BA1411E8AF61D00B9796B /* LaunchScreen.storyboard */ = {
			isa = PBXVariantGroup;
			children = (
				A15BA1421E8AF61D00B9796B /* Base */,
			);
			name = LaunchScreen.storyboard;
			sourceTree = "<group>";
		};
		A15E623A1F40F67900AC9EF1 /* Main.storyboard */ = {
			isa = PBXVariantGroup;
			children = (
				A15E623B1F40F67900AC9EF1 /* Base */,
			);
			name = Main.storyboard;
			sourceTree = "<group>";
		};
/* End PBXVariantGroup section */

/* Begin XCBuildConfiguration section */
		A15BA15B1E8AF61E00B9796B /* Debug */ = {
			isa = XCBuildConfiguration;
			buildSettings = {
				ALWAYS_SEARCH_USER_PATHS = NO;
				CLANG_ANALYZER_NONNULL = YES;
				CLANG_CXX_LANGUAGE_STANDARD = "gnu++0x";
				CLANG_CXX_LIBRARY = "libc++";
				CLANG_ENABLE_MODULES = YES;
				CLANG_ENABLE_OBJC_ARC = YES;
				CLANG_WARN_BOOL_CONVERSION = YES;
				CLANG_WARN_CONSTANT_CONVERSION = YES;
				CLANG_WARN_DIRECT_OBJC_ISA_USAGE = YES_ERROR;
				CLANG_WARN_DOCUMENTATION_COMMENTS = YES;
				CLANG_WARN_EMPTY_BODY = YES;
				CLANG_WARN_ENUM_CONVERSION = YES;
				CLANG_WARN_INFINITE_RECURSION = YES;
				CLANG_WARN_INT_CONVERSION = YES;
				CLANG_WARN_OBJC_ROOT_CLASS = YES_ERROR;
				CLANG_WARN_SUSPICIOUS_MOVE = YES;
				CLANG_WARN_UNREACHABLE_CODE = YES;
				CLANG_WARN__DUPLICATE_METHOD_MATCH = YES;
				"CODE_SIGN_IDENTITY[sdk=iphoneos*]" = "iPhone Developer";
				COPY_PHASE_STRIP = NO;
				DEBUG_INFORMATION_FORMAT = dwarf;
				ENABLE_STRICT_OBJC_MSGSEND = YES;
				ENABLE_TESTABILITY = YES;
				GCC_C_LANGUAGE_STANDARD = gnu99;
				GCC_DYNAMIC_NO_PIC = NO;
				GCC_NO_COMMON_BLOCKS = YES;
				GCC_OPTIMIZATION_LEVEL = 0;
				GCC_PREPROCESSOR_DEFINITIONS = (
					"DEBUG=1",
					"$(inherited)",
				);
				GCC_WARN_64_TO_32_BIT_CONVERSION = YES;
				GCC_WARN_ABOUT_RETURN_TYPE = YES_ERROR;
				GCC_WARN_UNDECLARED_SELECTOR = YES;
				GCC_WARN_UNINITIALIZED_AUTOS = YES_AGGRESSIVE;
				GCC_WARN_UNUSED_FUNCTION = YES;
				GCC_WARN_UNUSED_VARIABLE = YES;
				IPHONEOS_DEPLOYMENT_TARGET = 10.2;
				MTL_ENABLE_DEBUG_INFO = YES;
				ONLY_ACTIVE_ARCH = YES;
				SDKROOT = iphoneos;
				SWIFT_ACTIVE_COMPILATION_CONDITIONS = DEBUG;
				SWIFT_OPTIMIZATION_LEVEL = "-Onone";
				TARGETED_DEVICE_FAMILY = "1,2";
			};
			name = Debug;
		};
		A15BA15C1E8AF61E00B9796B /* Release */ = {
			isa = XCBuildConfiguration;
			buildSettings = {
				ALWAYS_SEARCH_USER_PATHS = NO;
				CLANG_ANALYZER_NONNULL = YES;
				CLANG_CXX_LANGUAGE_STANDARD = "gnu++0x";
				CLANG_CXX_LIBRARY = "libc++";
				CLANG_ENABLE_MODULES = YES;
				CLANG_ENABLE_OBJC_ARC = YES;
				CLANG_WARN_BOOL_CONVERSION = YES;
				CLANG_WARN_CONSTANT_CONVERSION = YES;
				CLANG_WARN_DIRECT_OBJC_ISA_USAGE = YES_ERROR;
				CLANG_WARN_DOCUMENTATION_COMMENTS = YES;
				CLANG_WARN_EMPTY_BODY = YES;
				CLANG_WARN_ENUM_CONVERSION = YES;
				CLANG_WARN_INFINITE_RECURSION = YES;
				CLANG_WARN_INT_CONVERSION = YES;
				CLANG_WARN_OBJC_ROOT_CLASS = YES_ERROR;
				CLANG_WARN_SUSPICIOUS_MOVE = YES;
				CLANG_WARN_UNREACHABLE_CODE = YES;
				CLANG_WARN__DUPLICATE_METHOD_MATCH = YES;
				"CODE_SIGN_IDENTITY[sdk=iphoneos*]" = "iPhone Developer";
				COPY_PHASE_STRIP = NO;
				DEBUG_INFORMATION_FORMAT = "dwarf-with-dsym";
				ENABLE_NS_ASSERTIONS = NO;
				ENABLE_STRICT_OBJC_MSGSEND = YES;
				GCC_C_LANGUAGE_STANDARD = gnu99;
				GCC_NO_COMMON_BLOCKS = YES;
				GCC_WARN_64_TO_32_BIT_CONVERSION = YES;
				GCC_WARN_ABOUT_RETURN_TYPE = YES_ERROR;
				GCC_WARN_UNDECLARED_SELECTOR = YES;
				GCC_WARN_UNINITIALIZED_AUTOS = YES_AGGRESSIVE;
				GCC_WARN_UNUSED_FUNCTION = YES;
				GCC_WARN_UNUSED_VARIABLE = YES;
				IPHONEOS_DEPLOYMENT_TARGET = 10.2;
				MTL_ENABLE_DEBUG_INFO = NO;
				SDKROOT = iphoneos;
				SWIFT_OPTIMIZATION_LEVEL = "-Owholemodule";
				TARGETED_DEVICE_FAMILY = "1,2";
				VALIDATE_PRODUCT = YES;
			};
			name = Release;
		};
		A15BA15E1E8AF61E00B9796B /* Debug */ = {
			isa = XCBuildConfiguration;
			baseConfigurationReference = 0CD90F1E9754CEAF302758E6 /* Pods-SaintsXCTF.debug.xcconfig */;
			buildSettings = {
				ASSETCATALOG_COMPILER_APPICON_NAME = AppIcon;
				INFOPLIST_FILE = SaintsXCTF/Info.plist;
				LD_RUNPATH_SEARCH_PATHS = "$(inherited) @executable_path/Frameworks";
				PRODUCT_BUNDLE_IDENTIFIER = andyjarombek.SaintsXCTF;
				PRODUCT_NAME = "$(TARGET_NAME)";
				SWIFT_VERSION = 3.0;
			};
			name = Debug;
		};
		A15BA15F1E8AF61E00B9796B /* Release */ = {
			isa = XCBuildConfiguration;
			baseConfigurationReference = 7A040544706F126FFF8857D3 /* Pods-SaintsXCTF.release.xcconfig */;
			buildSettings = {
				ASSETCATALOG_COMPILER_APPICON_NAME = AppIcon;
				INFOPLIST_FILE = SaintsXCTF/Info.plist;
				LD_RUNPATH_SEARCH_PATHS = "$(inherited) @executable_path/Frameworks";
				PRODUCT_BUNDLE_IDENTIFIER = andyjarombek.SaintsXCTF;
				PRODUCT_NAME = "$(TARGET_NAME)";
				SWIFT_VERSION = 3.0;
			};
			name = Release;
		};
		A15BA1611E8AF61E00B9796B /* Debug */ = {
			isa = XCBuildConfiguration;
			buildSettings = {
				ALWAYS_EMBED_SWIFT_STANDARD_LIBRARIES = YES;
				BUNDLE_LOADER = "$(TEST_HOST)";
				INFOPLIST_FILE = SaintsXCTFTests/Info.plist;
				LD_RUNPATH_SEARCH_PATHS = "$(inherited) @executable_path/Frameworks @loader_path/Frameworks";
				PRODUCT_BUNDLE_IDENTIFIER = andyjarombek.SaintsXCTFTests;
				PRODUCT_NAME = "$(TARGET_NAME)";
				SWIFT_VERSION = 3.0;
				TEST_HOST = "$(BUILT_PRODUCTS_DIR)/SaintsXCTF.app/SaintsXCTF";
			};
			name = Debug;
		};
		A15BA1621E8AF61E00B9796B /* Release */ = {
			isa = XCBuildConfiguration;
			buildSettings = {
				ALWAYS_EMBED_SWIFT_STANDARD_LIBRARIES = YES;
				BUNDLE_LOADER = "$(TEST_HOST)";
				INFOPLIST_FILE = SaintsXCTFTests/Info.plist;
				LD_RUNPATH_SEARCH_PATHS = "$(inherited) @executable_path/Frameworks @loader_path/Frameworks";
				PRODUCT_BUNDLE_IDENTIFIER = andyjarombek.SaintsXCTFTests;
				PRODUCT_NAME = "$(TARGET_NAME)";
				SWIFT_VERSION = 3.0;
				TEST_HOST = "$(BUILT_PRODUCTS_DIR)/SaintsXCTF.app/SaintsXCTF";
			};
			name = Release;
		};
		A15BA1641E8AF61E00B9796B /* Debug */ = {
			isa = XCBuildConfiguration;
			buildSettings = {
				ALWAYS_EMBED_SWIFT_STANDARD_LIBRARIES = YES;
				INFOPLIST_FILE = SaintsXCTFUITests/Info.plist;
				LD_RUNPATH_SEARCH_PATHS = "$(inherited) @executable_path/Frameworks @loader_path/Frameworks";
				PRODUCT_BUNDLE_IDENTIFIER = andyjarombek.SaintsXCTFUITests;
				PRODUCT_NAME = "$(TARGET_NAME)";
				SWIFT_VERSION = 3.0;
				TEST_TARGET_NAME = SaintsXCTF;
			};
			name = Debug;
		};
		A15BA1651E8AF61E00B9796B /* Release */ = {
			isa = XCBuildConfiguration;
			buildSettings = {
				ALWAYS_EMBED_SWIFT_STANDARD_LIBRARIES = YES;
				INFOPLIST_FILE = SaintsXCTFUITests/Info.plist;
				LD_RUNPATH_SEARCH_PATHS = "$(inherited) @executable_path/Frameworks @loader_path/Frameworks";
				PRODUCT_BUNDLE_IDENTIFIER = andyjarombek.SaintsXCTFUITests;
				PRODUCT_NAME = "$(TARGET_NAME)";
				SWIFT_VERSION = 3.0;
				TEST_TARGET_NAME = SaintsXCTF;
			};
			name = Release;
		};
/* End XCBuildConfiguration section */

/* Begin XCConfigurationList section */
		A15BA1301E8AF61D00B9796B /* Build configuration list for PBXProject "SaintsXCTF" */ = {
			isa = XCConfigurationList;
			buildConfigurations = (
				A15BA15B1E8AF61E00B9796B /* Debug */,
				A15BA15C1E8AF61E00B9796B /* Release */,
			);
			defaultConfigurationIsVisible = 0;
			defaultConfigurationName = Release;
		};
		A15BA15D1E8AF61E00B9796B /* Build configuration list for PBXNativeTarget "SaintsXCTF" */ = {
			isa = XCConfigurationList;
			buildConfigurations = (
				A15BA15E1E8AF61E00B9796B /* Debug */,
				A15BA15F1E8AF61E00B9796B /* Release */,
			);
			defaultConfigurationIsVisible = 0;
			defaultConfigurationName = Release;
		};
		A15BA1601E8AF61E00B9796B /* Build configuration list for PBXNativeTarget "SaintsXCTFTests" */ = {
			isa = XCConfigurationList;
			buildConfigurations = (
				A15BA1611E8AF61E00B9796B /* Debug */,
				A15BA1621E8AF61E00B9796B /* Release */,
			);
			defaultConfigurationIsVisible = 0;
			defaultConfigurationName = Release;
		};
		A15BA1631E8AF61E00B9796B /* Build configuration list for PBXNativeTarget "SaintsXCTFUITests" */ = {
			isa = XCConfigurationList;
			buildConfigurations = (
				A15BA1641E8AF61E00B9796B /* Debug */,
				A15BA1651E8AF61E00B9796B /* Release */,
			);
			defaultConfigurationIsVisible = 0;
			defaultConfigurationName = Release;
		};
/* End XCConfigurationList section */
	};
	rootObject = A15BA12D1E8AF61D00B9796B /* Project object */;
}
